
Microsoft Visual Studio Solution File, Format Version 12.00
# Visual Studio 15
VisualStudioVersion = 15.0.28307.489
MinimumVisualStudioVersion = 10.0.40219.1
Project("{FAE04EC0-301F-11D3-BF4B-00C04F79EFBC}") = "app.Android", "app\app.Android\app.Android.csproj", "{9EB7CD88-5FE5-4A49-ABAB-1D4BA3127237}"
EndProject
Project("{FAE04EC0-301F-11D3-BF4B-00C04F79EFBC}") = "app.iOS", "app\app.iOS\app.iOS.csproj", "{76DCFCCF-B9B6-4450-AB4F-E08CAE21B879}"
EndProject
Project("{FAE04EC0-301F-11D3-BF4B-00C04F79EFBC}") = "app", "app\app\app.csproj", "{668103C0-76A4-4313-8ACE-5471B59EF190}"
EndProject
Global
	GlobalSection(SolutionConfigurationPlatforms) = preSolution
		Ad-Hoc|Any CPU = Ad-Hoc|Any CPU
		Ad-Hoc|iPhone = Ad-Hoc|iPhone
		Ad-Hoc|iPhoneSimulator = Ad-Hoc|iPhoneSimulator
		AppStore|Any CPU = AppStore|Any CPU
		AppStore|iPhone = AppStore|iPhone
		AppStore|iPhoneSimulator = AppStore|iPhoneSimulator
		Debug|Any CPU = Debug|Any CPU
		Debug|iPhone = Debug|iPhone
		Debug|iPhoneSimulator = Debug|iPhoneSimulator
		Release|Any CPU = Release|Any CPU
		Release|iPhone = Release|iPhone
		Release|iPhoneSimulator = Release|iPhoneSimulator
	EndGlobalSection
	GlobalSection(ProjectConfigurationPlatforms) = postSolution
		{9EB7CD88-5FE5-4A49-ABAB-1D4BA3127237}.Ad-Hoc|Any CPU.ActiveCfg = Release|Any CPU
		{9EB7CD88-5FE5-4A49-ABAB-1D4BA3127237}.Ad-Hoc|Any CPU.Build.0 = Release|Any CPU
		{9EB7CD88-5FE5-4A49-ABAB-1D4BA3127237}.Ad-Hoc|Any CPU.Deploy.0 = Release|Any CPU
		{9EB7CD88-5FE5-4A49-ABAB-1D4BA3127237}.Ad-Hoc|iPhone.ActiveCfg = Release|Any CPU
		{9EB7CD88-5FE5-4A49-ABAB-1D4BA3127237}.Ad-Hoc|iPhone.Build.0 = Release|Any CPU
		{9EB7CD88-5FE5-4A49-ABAB-1D4BA3127237}.Ad-Hoc|iPhone.Deploy.0 = Release|Any CPU
		{9EB7CD88-5FE5-4A49-ABAB-1D4BA3127237}.Ad-Hoc|iPhoneSimulator.ActiveCfg = Release|Any CPU
		{9EB7CD88-5FE5-4A49-ABAB-1D4BA3127237}.Ad-Hoc|iPhoneSimulator.Build.0 = Release|Any CPU
		{9EB7CD88-5FE5-4A49-ABAB-1D4BA3127237}.Ad-Hoc|iPhoneSimulator.Deploy.0 = Release|Any CPU
		{9EB7CD88-5FE5-4A49-ABAB-1D4BA3127237}.AppStore|Any CPU.ActiveCfg = Release|Any CPU
		{9EB7CD88-5FE5-4A49-ABAB-1D4BA3127237}.AppStore|Any CPU.Build.0 = Release|Any CPU
		{9EB7CD88-5FE5-4A49-ABAB-1D4BA3127237}.AppStore|Any CPU.Deploy.0 = Release|Any CPU
		{9EB7CD88-5FE5-4A49-ABAB-1D4BA3127237}.AppStore|iPhone.ActiveCfg = Release|Any CPU
		{9EB7CD88-5FE5-4A49-ABAB-1D4BA3127237}.AppStore|iPhone.Build.0 = Release|Any CPU
		{9EB7CD88-5FE5-4A49-ABAB-1D4BA3127237}.AppStore|iPhone.Deploy.0 = Release|Any CPU
		{9EB7CD88-5FE5-4A49-ABAB-1D4BA3127237}.AppStore|iPhoneSimulator.ActiveCfg = Release|Any CPU
		{9EB7CD88-5FE5-4A49-ABAB-1D4BA3127237}.AppStore|iPhoneSimulator.Build.0 = Release|Any CPU
		{9EB7CD88-5FE5-4A49-ABAB-1D4BA3127237}.AppStore|iPhoneSimulator.Deploy.0 = Release|Any CPU
		{9EB7CD88-5FE5-4A49-ABAB-1D4BA3127237}.Debug|Any CPU.ActiveCfg = Debug|Any CPU
		{9EB7CD88-5FE5-4A49-ABAB-1D4BA3127237}.Debug|Any CPU.Build.0 = Debug|Any CPU
		{9EB7CD88-5FE5-4A49-ABAB-1D4BA3127237}.Debug|Any CPU.Deploy.0 = Debug|Any CPU
		{9EB7CD88-5FE5-4A49-ABAB-1D4BA3127237}.Debug|iPhone.ActiveCfg = Debug|Any CPU
		{9EB7CD88-5FE5-4A49-ABAB-1D4BA3127237}.Debug|iPhone.Build.0 = Debug|Any CPU
		{9EB7CD88-5FE5-4A49-ABAB-1D4BA3127237}.Debug|iPhone.Deploy.0 = Debug|Any CPU
		{9EB7CD88-5FE5-4A49-ABAB-1D4BA3127237}.Debug|iPhoneSimulator.ActiveCfg = Debug|Any CPU
		{9EB7CD88-5FE5-4A49-ABAB-1D4BA3127237}.Debug|iPhoneSimulator.Build.0 = Debug|Any CPU
		{9EB7CD88-5FE5-4A49-ABAB-1D4BA3127237}.Debug|iPhoneSimulator.Deploy.0 = Debug|Any CPU
		{9EB7CD88-5FE5-4A49-ABAB-1D4BA3127237}.Release|Any CPU.ActiveCfg = Release|Any CPU
		{9EB7CD88-5FE5-4A49-ABAB-1D4BA3127237}.Release|Any CPU.Build.0 = Release|Any CPU
		{9EB7CD88-5FE5-4A49-ABAB-1D4BA3127237}.Release|Any CPU.Deploy.0 = Release|Any CPU
		{9EB7CD88-5FE5-4A49-ABAB-1D4BA3127237}.Release|iPhone.ActiveCfg = Release|Any CPU
		{9EB7CD88-5FE5-4A49-ABAB-1D4BA3127237}.Release|iPhone.Build.0 = Release|Any CPU
		{9EB7CD88-5FE5-4A49-ABAB-1D4BA3127237}.Release|iPhone.Deploy.0 = Release|Any CPU
		{9EB7CD88-5FE5-4A49-ABAB-1D4BA3127237}.Release|iPhoneSimulator.ActiveCfg = Release|Any CPU
		{9EB7CD88-5FE5-4A49-ABAB-1D4BA3127237}.Release|iPhoneSimulator.Build.0 = Release|Any CPU
		{9EB7CD88-5FE5-4A49-ABAB-1D4BA3127237}.Release|iPhoneSimulator.Deploy.0 = Release|Any CPU
		{76DCFCCF-B9B6-4450-AB4F-E08CAE21B879}.Ad-Hoc|Any CPU.ActiveCfg = Ad-Hoc|iPhone
		{76DCFCCF-B9B6-4450-AB4F-E08CAE21B879}.Ad-Hoc|Any CPU.Build.0 = Ad-Hoc|iPhone
		{76DCFCCF-B9B6-4450-AB4F-E08CAE21B879}.Ad-Hoc|Any CPU.Deploy.0 = Ad-Hoc|iPhone
		{76DCFCCF-B9B6-4450-AB4F-E08CAE21B879}.Ad-Hoc|iPhone.ActiveCfg = Ad-Hoc|iPhone
		{76DCFCCF-B9B6-4450-AB4F-E08CAE21B879}.Ad-Hoc|iPhone.Build.0 = Ad-Hoc|iPhone
		{76DCFCCF-B9B6-4450-AB4F-E08CAE21B879}.Ad-Hoc|iPhone.Deploy.0 = Ad-Hoc|iPhone
		{76DCFCCF-B9B6-4450-AB4F-E08CAE21B879}.Ad-Hoc|iPhoneSimulator.ActiveCfg = Ad-Hoc|iPhoneSimulator
		{76DCFCCF-B9B6-4450-AB4F-E08CAE21B879}.Ad-Hoc|iPhoneSimulator.Build.0 = Ad-Hoc|iPhoneSimulator
		{76DCFCCF-B9B6-4450-AB4F-E08CAE21B879}.Ad-Hoc|iPhoneSimulator.Deploy.0 = Ad-Hoc|iPhoneSimulator
		{76DCFCCF-B9B6-4450-AB4F-E08CAE21B879}.AppStore|Any CPU.ActiveCfg = AppStore|iPhone
		{76DCFCCF-B9B6-4450-AB4F-E08CAE21B879}.AppStore|Any CPU.Build.0 = AppStore|iPhone
		{76DCFCCF-B9B6-4450-AB4F-E08CAE21B879}.AppStore|Any CPU.Deploy.0 = AppStore|iPhone
		{76DCFCCF-B9B6-4450-AB4F-E08CAE21B879}.AppStore|iPhone.ActiveCfg = AppStore|iPhone
		{76DCFCCF-B9B6-4450-AB4F-E08CAE21B879}.AppStore|iPhone.Build.0 = AppStore|iPhone
		{76DCFCCF-B9B6-4450-AB4F-E08CAE21B879}.AppStore|iPhone.Deploy.0 = AppStore|iPhone
		{76DCFCCF-B9B6-4450-AB4F-E08CAE21B879}.AppStore|iPhoneSimulator.ActiveCfg = AppStore|iPhoneSimulator
		{76DCFCCF-B9B6-4450-AB4F-E08CAE21B879}.AppStore|iPhoneSimulator.Build.0 = AppStore|iPhoneSimulator
		{76DCFCCF-B9B6-4450-AB4F-E08CAE21B879}.AppStore|iPhoneSimulator.Deploy.0 = AppStore|iPhoneSimulator
		{76DCFCCF-B9B6-4450-AB4F-E08CAE21B879}.Debug|Any CPU.ActiveCfg = Debug|iPhoneSimulator
		{76DCFCCF-B9B6-4450-AB4F-E08CAE21B879}.Debug|Any CPU.Build.0 = Debug|iPhoneSimulator
		{76DCFCCF-B9B6-4450-AB4F-E08CAE21B879}.Debug|Any CPU.Deploy.0 = Debug|iPhoneSimulator
		{76DCFCCF-B9B6-4450-AB4F-E08CAE21B879}.Debug|iPhone.ActiveCfg = Debug|iPhone
		{76DCFCCF-B9B6-4450-AB4F-E08CAE21B879}.Debug|iPhone.Build.0 = Debug|iPhone
		{76DCFCCF-B9B6-4450-AB4F-E08CAE21B879}.Debug|iPhone.Deploy.0 = Debug|iPhone
		{76DCFCCF-B9B6-4450-AB4F-E08CAE21B879}.Debug|iPhoneSimulator.ActiveCfg = Debug|iPhoneSimulator
		{76DCFCCF-B9B6-4450-AB4F-E08CAE21B879}.Debug|iPhoneSimulator.Build.0 = Debug|iPhoneSimulator
		{76DCFCCF-B9B6-4450-AB4F-E08CAE21B879}.Debug|iPhoneSimulator.Deploy.0 = Debug|iPhoneSimulator
		{76DCFCCF-B9B6-4450-AB4F-E08CAE21B879}.Release|Any CPU.ActiveCfg = Release|iPhone
		{76DCFCCF-B9B6-4450-AB4F-E08CAE21B879}.Release|Any CPU.Build.0 = Release|iPhone
		{76DCFCCF-B9B6-4450-AB4F-E08CAE21B879}.Release|Any CPU.Deploy.0 = Release|iPhone
		{76DCFCCF-B9B6-4450-AB4F-E08CAE21B879}.Release|iPhone.ActiveCfg = Release|iPhone
		{76DCFCCF-B9B6-4450-AB4F-E08CAE21B879}.Release|iPhone.Build.0 = Release|iPhone
		{76DCFCCF-B9B6-4450-AB4F-E08CAE21B879}.Release|iPhone.Deploy.0 = Release|iPhone
		{76DCFCCF-B9B6-4450-AB4F-E08CAE21B879}.Release|iPhoneSimulator.ActiveCfg = Release|iPhoneSimulator
		{76DCFCCF-B9B6-4450-AB4F-E08CAE21B879}.Release|iPhoneSimulator.Build.0 = Release|iPhoneSimulator
		{76DCFCCF-B9B6-4450-AB4F-E08CAE21B879}.Release|iPhoneSimulator.Deploy.0 = Release|iPhoneSimulator
		{668103C0-76A4-4313-8ACE-5471B59EF190}.Ad-Hoc|Any CPU.ActiveCfg = Debug|Any CPU
		{668103C0-76A4-4313-8ACE-5471B59EF190}.Ad-Hoc|Any CPU.Build.0 = Debug|Any CPU
		{668103C0-76A4-4313-8ACE-5471B59EF190}.Ad-Hoc|Any CPU.Deploy.0 = Debug|Any CPU
		{668103C0-76A4-4313-8ACE-5471B59EF190}.Ad-Hoc|iPhone.ActiveCfg = Debug|Any CPU
		{668103C0-76A4-4313-8ACE-5471B59EF190}.Ad-Hoc|iPhone.Build.0 = Debug|Any CPU
		{668103C0-76A4-4313-8ACE-5471B59EF190}.Ad-Hoc|iPhone.Deploy.0 = Debug|Any CPU
		{668103C0-76A4-4313-8ACE-5471B59EF190}.Ad-Hoc|iPhoneSimulator.ActiveCfg = Debug|Any CPU
		{668103C0-76A4-4313-8ACE-5471B59EF190}.Ad-Hoc|iPhoneSimulator.Build.0 = Debug|Any CPU
		{668103C0-76A4-4313-8ACE-5471B59EF190}.Ad-Hoc|iPhoneSimulator.Deploy.0 = Debug|Any CPU
		{668103C0-76A4-4313-8ACE-5471B59EF190}.AppStore|Any CPU.ActiveCfg = Debug|Any CPU
		{668103C0-76A4-4313-8ACE-5471B59EF190}.AppStore|Any CPU.Build.0 = Debug|Any CPU
		{668103C0-76A4-4313-8ACE-5471B59EF190}.AppStore|Any CPU.Deploy.0 = Debug|Any CPU
		{668103C0-76A4-4313-8ACE-5471B59EF190}.AppStore|iPhone.ActiveCfg = Debug|Any CPU
		{668103C0-76A4-4313-8ACE-5471B59EF190}.AppStore|iPhone.Build.0 = Debug|Any CPU
		{668103C0-76A4-4313-8ACE-5471B59EF190}.AppStore|iPhone.Deploy.0 = Debug|Any CPU
		{668103C0-76A4-4313-8ACE-5471B59EF190}.AppStore|iPhoneSimulator.ActiveCfg = Debug|Any CPU
		{668103C0-76A4-4313-8ACE-5471B59EF190}.AppStore|iPhoneSimulator.Build.0 = Debug|Any CPU
		{668103C0-76A4-4313-8ACE-5471B59EF190}.AppStore|iPhoneSimulator.Deploy.0 = Debug|Any CPU
		{668103C0-76A4-4313-8ACE-5471B59EF190}.Debug|Any CPU.ActiveCfg = Debug|Any CPU
		{668103C0-76A4-4313-8ACE-5471B59EF190}.Debug|Any CPU.Build.0 = Debug|Any CPU
		{668103C0-76A4-4313-8ACE-5471B59EF190}.Debug|Any CPU.Deploy.0 = Debug|Any CPU
		{668103C0-76A4-4313-8ACE-5471B59EF190}.Debug|iPhone.ActiveCfg = Debug|Any CPU
		{668103C0-76A4-4313-8ACE-5471B59EF190}.Debug|iPhone.Build.0 = Debug|Any CPU
		{668103C0-76A4-4313-8ACE-5471B59EF190}.Debug|iPhone.Deploy.0 = Debug|Any CPU
		{668103C0-76A4-4313-8ACE-5471B59EF190}.Debug|iPhoneSimulator.ActiveCfg = Debug|Any CPU
		{668103C0-76A4-4313-8ACE-5471B59EF190}.Debug|iPhoneSimulator.Build.0 = Debug|Any CPU
		{668103C0-76A4-4313-8ACE-5471B59EF190}.Debug|iPhoneSimulator.Deploy.0 = Debug|Any CPU
		{668103C0-76A4-4313-8ACE-5471B59EF190}.Release|Any CPU.ActiveCfg = Release|Any CPU
		{668103C0-76A4-4313-8ACE-5471B59EF190}.Release|Any CPU.Build.0 = Release|Any CPU
		{668103C0-76A4-4313-8ACE-5471B59EF190}.Release|Any CPU.Deploy.0 = Release|Any CPU
		{668103C0-76A4-4313-8ACE-5471B59EF190}.Release|iPhone.ActiveCfg = Release|Any CPU
		{668103C0-76A4-4313-8ACE-5471B59EF190}.Release|iPhone.Build.0 = Release|Any CPU
		{668103C0-76A4-4313-8ACE-5471B59EF190}.Release|iPhone.Deploy.0 = Release|Any CPU
		{668103C0-76A4-4313-8ACE-5471B59EF190}.Release|iPhoneSimulator.ActiveCfg = Release|Any CPU
		{668103C0-76A4-4313-8ACE-5471B59EF190}.Release|iPhoneSimulator.Build.0 = Release|Any CPU
		{668103C0-76A4-4313-8ACE-5471B59EF190}.Release|iPhoneSimulator.Deploy.0 = Release|Any CPU
	EndGlobalSection
	GlobalSection(SolutionProperties) = preSolution
		HideSolutionNode = FALSE
	EndGlobalSection
	GlobalSection(ExtensibilityGlobals) = postSolution
		SolutionGuid = {EB540A79-5823-4C57-8FFF-46A28DD6E445}
	EndGlobalSection
EndGlobal
